
Microsoft Visual Studio Solution File, Format Version 12.00
# Visual Studio Version 16
VisualStudioVersion = 16.0.31129.286
MinimumVisualStudioVersion = 10.0.40219.1
Project("{FAE04EC0-301F-11D3-BF4B-00C04F79EFBC}") = "OnlineShop", "OnlineShop\OnlineShop.csproj", "{9625D137-1900-42A5-AA8F-080AF3C2A86D}"
EndProject
Project("{FAE04EC0-301F-11D3-BF4B-00C04F79EFBC}") = "Models", "Models\Models.csproj", "{55F7014E-26AA-4F0E-8E0D-5AA6A6DBB251}"
EndProject
Global
	GlobalSection(SolutionConfigurationPlatforms) = preSolution
		Debug|Any CPU = Debug|Any CPU
		Release|Any CPU = Release|Any CPU
	EndGlobalSection
	GlobalSection(ProjectConfigurationPlatforms) = postSolution
		{9625D137-1900-42A5-AA8F-080AF3C2A86D}.Debug|Any CPU.ActiveCfg = Debug|Any CPU
		{9625D137-1900-42A5-AA8F-080AF3C2A86D}.Debug|Any CPU.Build.0 = Debug|Any CPU
		{9625D137-1900-42A5-AA8F-080AF3C2A86D}.Release|Any CPU.ActiveCfg = Release|Any CPU
		{9625D137-1900-42A5-AA8F-080AF3C2A86D}.Release|Any CPU.Build.0 = Release|Any CPU
		{55F7014E-26AA-4F0E-8E0D-5AA6A6DBB251}.Debug|Any CPU.ActiveCfg = Debug|Any CPU
		{55F7014E-26AA-4F0E-8E0D-5AA6A6DBB251}.Debug|Any CPU.Build.0 = Debug|Any CPU
		{55F7014E-26AA-4F0E-8E0D-5AA6A6DBB251}.Release|Any CPU.ActiveCfg = Release|Any CPU
		{55F7014E-26AA-4F0E-8E0D-5AA6A6DBB251}.Release|Any CPU.Build.0 = Release|Any CPU
	EndGlobalSection
	GlobalSection(SolutionProperties) = preSolution
		HideSolutionNode = FALSE
	EndGlobalSection
	GlobalSection(ExtensibilityGlobals) = postSolution
		SolutionGuid = {3E80134A-80E5-4127-8E65-781EDE236929}
	EndGlobalSection
EndGlobal
